github.com/Flotto85/game v0.0.1-alpha.1 h1:MP1JUDDYt94l8Uf9R6OqDt0Wv89xwx5SHz5QnGP0ISE=
github.com/Flotto85/game v0.0.1-alpha.1/go.mod h1:IHcgA70KipASjgqTVcWAw8O9gL0WorTx16LXe794ioY=
github.com/veandco/go-sdl2 v0.4.4 h1:coOJGftOdvNvGoUIZmm4XD+ZRQF4mg9ZVHmH3/42zFQ=
github.com/veandco/go-sdl2 v0.4.4/go.mod h1:FB+kTpX9YTE+urhYiClnRzpOXbiWgaU3+5F2AB78DPg=
