github.com/GomeBox/gome v0.0.3-alpha h1:QH6Wk5LfbFOJ7unA1unh5k7PTG2TCO5d108tkB6uvWE=
github.com/GomeBox/gome v0.0.3-alpha/go.mod h1:Nh9dNBm9D4CLAgbnNnihj6SPEHV9ysqP7KJVmAwjsEM=
github.com/veandco/go-sdl2 v0.4.4 h1:coOJGftOdvNvGoUIZmm4XD+ZRQF4mg9ZVHmH3/42zFQ=
github.com/veandco/go-sdl2 v0.4.4/go.mod h1:FB+kTpX9YTE+urhYiClnRzpOXbiWgaU3+5F2AB78DPg=
